# This file was autogenerated by Stack.
# You should not edit this file by hand.
# For more information, please see the documentation at:
#   https://docs.haskellstack.org/en/stable/lock_files

packages:
- completed:
    hackage: srtree-1.0.0.4@sha256:66c147119adf022d0ae8dc59ffb0582595836152a96124838da16411a45559cb,1742
    pantry-tree:
      sha256: 5c8df2908e2ce8bc3f9a5659444d8b137455ceee81a24e38da3d3427a207f98c
      size: 632
  original:
    hackage: srtree-1.0.0.4
- completed:
    hackage: optparse-applicative-0.18.0.0@sha256:480aed9d0cf79db3ea4aee222bdf49719a4bdbc6a078a6f0b5f9a4eb4c603fcb,5070
    pantry-tree:
      sha256: 8ca7796cacf478c464e50dec8e878b929eebf4fb07e81347f087d938d0e57fde
      size: 3124
  original:
    hackage: optparse-applicative-0.18.0.0
- completed:
    hackage: hegg-0.3.0.0@sha256:913a91c7326a767626d6bc949ea38af857cc6dee22b3e49270f7342e2b2bf762,5718
    pantry-tree:
      sha256: 14f9d1f8409bdbf66deaac5a7e38792ed55a56bbbcbb175bd3fa9dd334b754e4
      size: 2313
  original:
    hackage: hegg-0.3.0.0
snapshots:
- completed:
    sha256: adbc602422dde10cc330175da7de8609e70afc41449a7e2d6e8b1827aa0e5008
    size: 649342
    url: https://raw.githubusercontent.com/commercialhaskell/stackage-snapshots/master/lts/20/11.yaml
  original:
    url: https://raw.githubusercontent.com/commercialhaskell/stackage-snapshots/master/lts/20/11.yaml
