# This file was autogenerated by Stack.
# You should not edit this file by hand.
# For more information, please see the documentation at:
#   https://docs.haskellstack.org/en/stable/lock_files

packages:
- completed:
    hackage: srtree-1.0.0.1@sha256:bc27302c066bfce547a9279314349b9dadb5c3229109ed35cbdc13610fe40722,2113
    pantry-tree:
      sha256: 63845788ce5e88eb7b6b33b719050d42a896ede5794a9ab4b85de56bcbee2d3a
      size: 684
  original:
    hackage: srtree-1.0.0.1
- completed:
    hackage: hegg-0.3.0.0@sha256:913a91c7326a767626d6bc949ea38af857cc6dee22b3e49270f7342e2b2bf762,5718
    pantry-tree:
      sha256: 14f9d1f8409bdbf66deaac5a7e38792ed55a56bbbcbb175bd3fa9dd334b754e4
      size: 2313
  original:
    hackage: hegg-0.3.0.0
snapshots:
- completed:
    sha256: adbc602422dde10cc330175da7de8609e70afc41449a7e2d6e8b1827aa0e5008
    size: 649342
    url: https://raw.githubusercontent.com/commercialhaskell/stackage-snapshots/master/lts/20/11.yaml
  original:
    url: https://raw.githubusercontent.com/commercialhaskell/stackage-snapshots/master/lts/20/11.yaml
